<?xml version="1.0" encoding="utf-8"?>
<Project ToolsVersion="4.0" xmlns="http://schemas.microsoft.com/developer/msbuild/2003">
  <ItemGroup>
    <Filter Include="Source Files">
      <UniqueIdentifier>{4FC737F1-C7A5-4376-A066-2A32D752A2FF}</UniqueIdentifier>
      <Extensions>cpp;c;cc;cxx;def;odl;idl;hpj;bat;asm;asmx</Extensions>
    </Filter>
    <Filter Include="Header Files">
      <UniqueIdentifier>{93995380-89BD-4b04-88EB-625FBE52EBFB}</UniqueIdentifier>
      <Extensions>h;hh;hpp;hxx;hm;inl;inc;xsd</Extensions>
    </Filter>
    <Filter Include="Resource Files">
      <UniqueIdentifier>{67DA6AB6-F800-4c08-8B7A-83BB121AAD01}</UniqueIdentifier>
      <Extensions>rc;ico;cur;bmp;dlg;rc2;rct;bin;rgs;gif;jpg;jpeg;jpe;resx;tiff;tif;png;wav;mfcribbon-ms</Extensions>
    </Filter>
    <Filter Include="Header Files\System">
      <UniqueIdentifier>{25058d6c-40b0-4ac3-aa93-008e866be9db}</UniqueIdentifier>
    </Filter>
    <Filter Include="Source Files\System">
      <UniqueIdentifier>{6895b856-d90f-4e32-bc78-ef4baaffd0a1}</UniqueIdentifier>
    </Filter>
    <Filter Include="Header Files\Drawing">
      <UniqueIdentifier>{f19fcbdb-e78f-44ce-84f6-5bc44ece2f97}</UniqueIdentifier>
    </Filter>
    <Filter Include="Source Files\Drawing">
      <UniqueIdentifier>{3745555a-67b1-4ed1-afe2-ea843bd39d5e}</UniqueIdentifier>
    </Filter>
    <Filter Include="Header Files\HUD">
      <UniqueIdentifier>{1505da36-dbb0-487b-a92c-0af3a01c695b}</UniqueIdentifier>
    </Filter>
    <Filter Include="Source Files\HUD">
      <UniqueIdentifier>{b37d469e-32e3-4f15-a598-00fedde7168f}</UniqueIdentifier>
    </Filter>
  </ItemGroup>
  <ItemGroup>
    <ClCompile Include="System\FontHolder.cpp">
      <Filter>Source Files\System</Filter>
    </ClCompile>
    <ClCompile Include="System\InputKey.cpp">
      <Filter>Source Files\System</Filter>
    </ClCompile>
    <ClCompile Include="System\InputManager.cpp">
      <Filter>Source Files\System</Filter>
    </ClCompile>
    <ClCompile Include="System\MusicManager.cpp">
      <Filter>Source Files\System</Filter>
    </ClCompile>
    <ClCompile Include="System\NotificationManager.cpp">
      <Filter>Source Files\System</Filter>
    </ClCompile>
    <ClCompile Include="System\SoundHolder.cpp">
      <Filter>Source Files\System</Filter>
    </ClCompile>
    <ClCompile Include="System\TextureHolder.cpp">
      <Filter>Source Files\System</Filter>
    </ClCompile>
    <ClCompile Include="System\Updatable.cpp">
      <Filter>Source Files\System</Filter>
    </ClCompile>
    <ClCompile Include="System\Updater.cpp">
      <Filter>Source Files\System</Filter>
    </ClCompile>
    <ClCompile Include="System\windowController.cpp">
      <Filter>Source Files\System</Filter>
    </ClCompile>
    <ClCompile Include="Main.cpp">
      <Filter>Source Files</Filter>
    </ClCompile>
    <ClCompile Include="Drawing\Drawer.cpp">
      <Filter>Source Files\Drawing</Filter>
    </ClCompile>
    <ClCompile Include="Drawing\DrawingAnimation.cpp">
      <Filter>Source Files\Drawing</Filter>
    </ClCompile>
    <ClCompile Include="Drawing\DrawingAnimationFade.cpp">
      <Filter>Source Files\Drawing</Filter>
    </ClCompile>
    <ClCompile Include="Drawing\DrawingAnimationMovement.cpp">
      <Filter>Source Files\Drawing</Filter>
    </ClCompile>
    <ClCompile Include="Drawing\DrawingAnimationRotation.cpp">
      <Filter>Source Files\Drawing</Filter>
    </ClCompile>
    <ClCompile Include="Drawing\DrawingAnimationScale.cpp">
      <Filter>Source Files\Drawing</Filter>
    </ClCompile>
    <ClCompile Include="Drawing\Camera.cpp">
      <Filter>Source Files\Drawing</Filter>
    </ClCompile>
    <ClCompile Include="System\Log.cpp">
      <Filter>Source Files\System</Filter>
    </ClCompile>
    <ClCompile Include="System\debug.cpp">
      <Filter>Source Files\System</Filter>
    </ClCompile>
    <ClCompile Include="Connection.cpp">
      <Filter>Source Files</Filter>
    </ClCompile>
    <ClCompile Include="MascaradeClient.cpp">
      <Filter>Source Files</Filter>
    </ClCompile>
    <ClCompile Include="System\Data.cpp">
      <Filter>Source Files\System</Filter>
    </ClCompile>
    <ClCompile Include="HUD\HUDContainer.cpp">
      <Filter>Source Files\HUD</Filter>
    </ClCompile>
    <ClCompile Include="HUD\HUDElement.cpp">
      <Filter>Source Files\HUD</Filter>
    </ClCompile>
    <ClCompile Include="HUD\HUDInventory.cpp">
      <Filter>Source Files\HUD</Filter>
    </ClCompile>
    <ClCompile Include="HUD\HUDManager.cpp">
      <Filter>Source Files\HUD</Filter>
    </ClCompile>
    <ClCompile Include="HUD\HUDRectangle.cpp">
      <Filter>Source Files\HUD</Filter>
    </ClCompile>
    <ClCompile Include="HUD\HUDSprite.cpp">
      <Filter>Source Files\HUD</Filter>
    </ClCompile>
    <ClCompile Include="HUD\HUDText.cpp">
      <Filter>Source Files\HUD</Filter>
    </ClCompile>
  </ItemGroup>
  <ItemGroup>
    <ClInclude Include="System\FontHolder.h">
      <Filter>Header Files\System</Filter>
    </ClInclude>
    <ClInclude Include="System\InputKey.h">
      <Filter>Header Files\System</Filter>
    </ClInclude>
    <ClInclude Include="System\InputManager.h">
      <Filter>Header Files\System</Filter>
    </ClInclude>
    <ClInclude Include="System\MusicManager.h">
      <Filter>Header Files\System</Filter>
    </ClInclude>
    <ClInclude Include="System\NotificationManager.h">
      <Filter>Header Files\System</Filter>
    </ClInclude>
    <ClInclude Include="System\reversableHashTable.h">
      <Filter>Header Files\System</Filter>
    </ClInclude>
    <ClInclude Include="System\Semaphore.h">
      <Filter>Header Files\System</Filter>
    </ClInclude>
    <ClInclude Include="System\Singleton.h">
      <Filter>Header Files\System</Filter>
    </ClInclude>
    <ClInclude Include="System\SoundHolder.h">
      <Filter>Header Files\System</Filter>
    </ClInclude>
    <ClInclude Include="System\TextureHolder.h">
      <Filter>Header Files\System</Filter>
    </ClInclude>
    <ClInclude Include="System\Updatable.h">
      <Filter>Header Files\System</Filter>
    </ClInclude>
    <ClInclude Include="System\Updater.h">
      <Filter>Header Files\System</Filter>
    </ClInclude>
    <ClInclude Include="System\windowController.h">
      <Filter>Header Files\System</Filter>
    </ClInclude>
    <ClInclude Include="Drawing\Drawer.h">
      <Filter>Header Files\Drawing</Filter>
    </ClInclude>
    <ClInclude Include="Drawing\DrawerStructures.h">
      <Filter>Header Files\Drawing</Filter>
    </ClInclude>
    <ClInclude Include="Drawing\DrawingAnimation.h">
      <Filter>Header Files\Drawing</Filter>
    </ClInclude>
    <ClInclude Include="Drawing\DrawingAnimationFade.h">
      <Filter>Header Files\Drawing</Filter>
    </ClInclude>
    <ClInclude Include="Drawing\DrawingAnimationMovement.h">
      <Filter>Header Files\Drawing</Filter>
    </ClInclude>
    <ClInclude Include="Drawing\DrawingAnimationRotation.h">
      <Filter>Header Files\Drawing</Filter>
    </ClInclude>
    <ClInclude Include="Drawing\DrawingAnimationScale.h">
      <Filter>Header Files\Drawing</Filter>
    </ClInclude>
    <ClInclude Include="Drawing\Camera.h">
      <Filter>Header Files\Drawing</Filter>
    </ClInclude>
    <ClInclude Include="System\Log.h">
      <Filter>Header Files\System</Filter>
    </ClInclude>
    <ClInclude Include="System\debug.h">
      <Filter>Header Files\System</Filter>
    </ClInclude>
    <ClInclude Include="Connection.h">
      <Filter>Header Files</Filter>
    </ClInclude>
    <ClInclude Include="MascaradeClient.h">
      <Filter>Header Files</Filter>
    </ClInclude>
    <ClInclude Include="System\json.hpp">
      <Filter>Header Files</Filter>
    </ClInclude>
    <ClInclude Include="System\Data.h">
      <Filter>Header Files\System</Filter>
    </ClInclude>
    <ClInclude Include="HUD\HUDText.h">
      <Filter>Header Files\HUD</Filter>
    </ClInclude>
    <ClInclude Include="HUD\HUDContainer.h">
      <Filter>Header Files\HUD</Filter>
    </ClInclude>
    <ClInclude Include="HUD\HUDElement.h">
      <Filter>Header Files\HUD</Filter>
    </ClInclude>
    <ClInclude Include="HUD\HUDInventory.h">
      <Filter>Header Files\HUD</Filter>
    </ClInclude>
    <ClInclude Include="HUD\HUDManager.h">
      <Filter>Header Files\HUD</Filter>
    </ClInclude>
    <ClInclude Include="HUD\HUDRectangle.h">
      <Filter>Header Files\HUD</Filter>
    </ClInclude>
    <ClInclude Include="HUD\HUDSprite.h">
      <Filter>Header Files\HUD</Filter>
    </ClInclude>
  </ItemGroup>
  <ItemGroup>
    <None Include="data.dat" />
  </ItemGroup>
</Project>